github.com/bwmarrin/snowflake v0.3.0 h1:xm67bEhkKh6ij1790JB83OujPR5CzNe8QuQqAgISZN0=
github.com/bwmarrin/snowflake v0.3.0/go.mod h1:NdZxfVWX+oR6y2K0o6qAYv6gIOP9rjG0/E9WsDpxqwE=
github.com/kinbiko/jsonassert v1.1.1 h1:DB12divY+YB+cVpHULLuKePSi6+ui4M/shHSzJISkSE=
github.com/kinbiko/jsonassert v1.1.1/go.mod h1:NO4lzrogohtIdNUNzx8sdzB55M4R4Q1bsrWVdqQ7C+A=
github.com/tigorlazuardi/maleo v0.2.0 h1:vIGCAtN0xQZXq71oBu/BGe3aAhM0IB2zwbreO01GXko=
github.com/tigorlazuardi/maleo v0.2.0/go.mod h1:i8aCbEKBpFR/6quL58kczy928pdWFmTxrjRIANbG0gM=
github.com/tigorlazuardi/maleo/bucket v0.2.0 h1:8JsBtKQUU6p3bjhNM8kUAFEB14ISZ3puakhPMbnjWr8=
github.com/tigorlazuardi/maleo/bucket v0.2.0/go.mod h1:MQ4YQeQiXdhHfh/i7tbx0HycO3rdd8JzvdmLS+5RKNc=
github.com/tigorlazuardi/maleo/loader v0.2.0 h1:+Bwv66TIV8QX0f9cdthQEOPHoA8bW8IOylzoEzadB+s=
github.com/tigorlazuardi/maleo/loader v0.2.0/go.mod h1:eY9GwSMRY//D/Ym8md71XPT7CBBt7IDsgg1CAN1pxmE=
github.com/tigorlazuardi/maleo/locker v0.2.0 h1:hMN98ZhrJchz6O/dbWfiLQpq/OZNGjn4WraedWVhLb8=
github.com/tigorlazuardi/maleo/locker v0.2.0/go.mod h1:gWVE4hn5v5YpCvjBn/9HeMnQSTeinrADb1C1TQznT4M=
github.com/tigorlazuardi/maleo/queue v0.2.0 h1:dYHQO/kskcAasAApsmhFVtIXyH4P1cGp49RFKZVSUHk=
github.com/tigorlazuardi/maleo/queue v0.2.0/go.mod h1:FBJ943BmKxhYKmTKr5GD33t8VcIG7nhjYicKALz3kdI=
