github.com/bwmarrin/snowflake v0.3.0 h1:xm67bEhkKh6ij1790JB83OujPR5CzNe8QuQqAgISZN0=
github.com/bwmarrin/snowflake v0.3.0/go.mod h1:NdZxfVWX+oR6y2K0o6qAYv6gIOP9rjG0/E9WsDpxqwE=
github.com/kinbiko/jsonassert v1.1.1 h1:DB12divY+YB+cVpHULLuKePSi6+ui4M/shHSzJISkSE=
github.com/kinbiko/jsonassert v1.1.1/go.mod h1:NO4lzrogohtIdNUNzx8sdzB55M4R4Q1bsrWVdqQ7C+A=
github.com/tigorlazuardi/maleo v0.2.1 h1:xG2FH2ooK3nD1Wl6zs554wDYlb0V6z0yzxUBPQrC8dc=
github.com/tigorlazuardi/maleo v0.2.1/go.mod h1:i8aCbEKBpFR/6quL58kczy928pdWFmTxrjRIANbG0gM=
github.com/tigorlazuardi/maleo/bucket v0.2.1 h1:2iRe9080kUYMnlV11CRKgFl6pr8wxQ8f9pGIX3jYVB0=
github.com/tigorlazuardi/maleo/bucket v0.2.1/go.mod h1:MQ4YQeQiXdhHfh/i7tbx0HycO3rdd8JzvdmLS+5RKNc=
github.com/tigorlazuardi/maleo/loader v0.2.1 h1:MZT/JWd7mzL2fpIoGpAtARYtvIlH0DTOyP6D08wS/8o=
github.com/tigorlazuardi/maleo/loader v0.2.1/go.mod h1:eY9GwSMRY//D/Ym8md71XPT7CBBt7IDsgg1CAN1pxmE=
github.com/tigorlazuardi/maleo/locker v0.2.1 h1:tUVj5w3qhNQ/xZ2CDhaTAWFbwfaHoycdBQK+EL+TcGw=
github.com/tigorlazuardi/maleo/locker v0.2.1/go.mod h1:gWVE4hn5v5YpCvjBn/9HeMnQSTeinrADb1C1TQznT4M=
github.com/tigorlazuardi/maleo/queue v0.2.1 h1:uJujE8wI1MCZwZd52rbpzy30AGhYQIdor0fDOmy/G0g=
github.com/tigorlazuardi/maleo/queue v0.2.1/go.mod h1:FBJ943BmKxhYKmTKr5GD33t8VcIG7nhjYicKALz3kdI=
