github.com/bwmarrin/snowflake v0.3.0 h1:xm67bEhkKh6ij1790JB83OujPR5CzNe8QuQqAgISZN0=
github.com/bwmarrin/snowflake v0.3.0/go.mod h1:NdZxfVWX+oR6y2K0o6qAYv6gIOP9rjG0/E9WsDpxqwE=
github.com/tigorlazuardi/maleo v0.1.0 h1:h5oQAfdoZZSe4LXHyo72QLnRKQZ3w/+eQ0alaIQ76o0=
github.com/tigorlazuardi/maleo v0.1.0/go.mod h1:6vN7wY/IQWculbWyrSaMuSZfnkDiwH4W+MocF3TyHaY=
github.com/tigorlazuardi/maleo v0.1.1 h1:jTKxhPbXXh4mnKKExzkKiDEnmXk3hEWoIG6wWu2KSVc=
github.com/tigorlazuardi/maleo v0.1.1/go.mod h1:6vN7wY/IQWculbWyrSaMuSZfnkDiwH4W+MocF3TyHaY=
github.com/tigorlazuardi/maleo/bucket v0.1.0 h1:j+YVmgTYkLWAiOeIdqYM5GJgNmN+jovS6Mhu4oR19+I=
github.com/tigorlazuardi/maleo/bucket v0.1.0/go.mod h1:/WRn7YeUONeLnLifRL6AdX1SZPG9l1DR/GiOdWaYoLs=
github.com/tigorlazuardi/maleo/locker v0.1.0 h1:ov/f58q1L3LtsG9ZikwFFg2CbV1RsL/ijOzRNYjLm/8=
github.com/tigorlazuardi/maleo/locker v0.1.0/go.mod h1:gWVE4hn5v5YpCvjBn/9HeMnQSTeinrADb1C1TQznT4M=
github.com/tigorlazuardi/maleo/maleodiscord v0.1.0 h1:h6d5OePboHgYlypCI2EC2m4br9oFxH2tiryNcdjQy1A=
github.com/tigorlazuardi/maleo/maleodiscord v0.1.0/go.mod h1:2Us1VO0rbnf65jQ4LJ0C4RiJh5ti31QCKEqfK1mTWf0=
github.com/tigorlazuardi/maleo/maleozap v0.0.0-20230121045933-dc9e0ff8dfcc h1:naZseG2gUAkm4Z4Jvltam+EUYgvN39UMNQWsmp50xFI=
github.com/tigorlazuardi/maleo/maleozap v0.0.0-20230121045933-dc9e0ff8dfcc/go.mod h1:Xhl9bnM0B2DHVIt8+hW/bgpZTgjHnyWuYXqwbDj+Xzc=
github.com/tigorlazuardi/maleo/queue v0.1.0 h1:8ty2rGqOCkWEpZrqbnI+QfitotQPHDJh8CNDZ/0Tmio=
github.com/tigorlazuardi/maleo/queue v0.1.0/go.mod h1:FBJ943BmKxhYKmTKr5GD33t8VcIG7nhjYicKALz3kdI=
go.uber.org/atomic v1.10.0 h1:9qC72Qh0+3MqyJbAn8YU5xVq1frD8bn3JtD2oXtafVQ=
go.uber.org/atomic v1.10.0/go.mod h1:LUxbIzbOniOlMKjJjyPfpl4v+PKK2cNJn91OQbhoJI0=
go.uber.org/multierr v1.9.0 h1:7fIwc/ZtS0q++VgcfqFDxSBZVv/Xo49/SYnDFupUwlI=
go.uber.org/multierr v1.9.0/go.mod h1:X2jQV1h+kxSjClGpnseKVIxpmcjrj7MNnI0bnlfKTVQ=
go.uber.org/zap v1.24.0 h1:FiJd5l1UOLj0wCgbSE0rwwXHzEdAZS6hiiSnxJN/D60=
go.uber.org/zap v1.24.0/go.mod h1:2kMP+WWQ8aoFoedH3T2sq6iJ2yDWpHbP0f6MQbS9Gkg=
