github.com/kinbiko/jsonassert v1.1.1 h1:DB12divY+YB+cVpHULLuKePSi6+ui4M/shHSzJISkSE=
github.com/kinbiko/jsonassert v1.1.1/go.mod h1:NO4lzrogohtIdNUNzx8sdzB55M4R4Q1bsrWVdqQ7C+A=
github.com/tigorlazuardi/maleo v0.3.2 h1:t0ou9+TNxv3BbeZ+4l4BJpwe9QXw+I/KwU6L/9waThw=
github.com/tigorlazuardi/maleo v0.3.2/go.mod h1:i8aCbEKBpFR/6quL58kczy928pdWFmTxrjRIANbG0gM=
